
Microsoft Visual Studio Solution File, Format Version 12.00
# Visual Studio Version 17
VisualStudioVersion = 17.0.31903.59
MinimumVisualStudioVersion = 10.0.40219.1
Project("{2150E333-8FDC-42A3-9474-1A3956D46DE8}") = "src", "src", "{827E0CD3-B72D-47B6-A68D-7590B98EB39B}"
EndProject
Project("{FAE04EC0-301F-11D3-BF4B-00C04F79EFBC}") = "reservation.handson.lab.backend.domain", "src\reservation.handson.lab.backend.domain\reservation.handson.lab.backend.domain.csproj", "{90A418D2-C233-41EF-9B3B-57778EE91407}"
EndProject
Project("{2150E333-8FDC-42A3-9474-1A3956D46DE8}") = "tests", "tests", "{0AB3BF05-4346-4AA6-1389-037BE0695223}"
EndProject
Project("{FAE04EC0-301F-11D3-BF4B-00C04F79EFBC}") = "reservation.handson.lab.backend.domain.tests", "tests\reservation.handson.lab.backend.domain.tests\reservation.handson.lab.backend.domain.tests.csproj", "{A345F8D5-9152-446D-BE96-F540DDC527AC}"
EndProject
Project("{FAE04EC0-301F-11D3-BF4B-00C04F79EFBC}") = "reservation.handson.lab.backend.application", "src\reservation.handson.lab.backend.application\reservation.handson.lab.backend.application.csproj", "{12F7D24D-3DF0-4F37-B625-05CEA97D4CED}"
EndProject
Project("{FAE04EC0-301F-11D3-BF4B-00C04F79EFBC}") = "reservation.handson.lab.backend.application.tests", "tests\reservation.handson.lab.backend.application.tests\reservation.handson.lab.backend.application.tests.csproj", "{91839E8D-5925-451D-9A13-54700B776789}"
EndProject
Project("{FAE04EC0-301F-11D3-BF4B-00C04F79EFBC}") = "reservation.handson.lab.backend.infrastructure", "src\reservation.handson.lab.backend.infrastructure\reservation.handson.lab.backend.infrastructure.csproj", "{C88FB98A-DE55-4C32-A529-09FE06BCE571}"
EndProject
Project("{FAE04EC0-301F-11D3-BF4B-00C04F79EFBC}") = "reservation.handson.lab.backend.infrastructure.tests", "tests\reservation.handson.lab.backend.infrastructure.tests\reservation.handson.lab.backend.infrastructure.tests.csproj", "{53319910-8BB9-41E9-BF94-5F351354F6E5}"
EndProject
Project("{FAE04EC0-301F-11D3-BF4B-00C04F79EFBC}") = "reservation.handson.lab.backend.webapi", "src\reservation.handson.lab.backend.webapi\reservation.handson.lab.backend.webapi.csproj", "{2651ED4E-88DB-44EF-A265-15E405BEBBA8}"
EndProject
Project("{FAE04EC0-301F-11D3-BF4B-00C04F79EFBC}") = "reservation.handson.lab.backend.webapi.tests", "tests\reservation.handson.lab.backend.webapi.tests\reservation.handson.lab.backend.webapi.tests.csproj", "{D4DBC7D1-04E7-49D0-8AF5-C23563A38BD6}"
EndProject
Global
	GlobalSection(SolutionConfigurationPlatforms) = preSolution
		Debug|Any CPU = Debug|Any CPU
		Debug|x64 = Debug|x64
		Debug|x86 = Debug|x86
		Release|Any CPU = Release|Any CPU
		Release|x64 = Release|x64
		Release|x86 = Release|x86
	EndGlobalSection
	GlobalSection(ProjectConfigurationPlatforms) = postSolution
		{90A418D2-C233-41EF-9B3B-57778EE91407}.Debug|Any CPU.ActiveCfg = Debug|Any CPU
		{90A418D2-C233-41EF-9B3B-57778EE91407}.Debug|Any CPU.Build.0 = Debug|Any CPU
		{90A418D2-C233-41EF-9B3B-57778EE91407}.Debug|x64.ActiveCfg = Debug|Any CPU
		{90A418D2-C233-41EF-9B3B-57778EE91407}.Debug|x64.Build.0 = Debug|Any CPU
		{90A418D2-C233-41EF-9B3B-57778EE91407}.Debug|x86.ActiveCfg = Debug|Any CPU
		{90A418D2-C233-41EF-9B3B-57778EE91407}.Debug|x86.Build.0 = Debug|Any CPU
		{90A418D2-C233-41EF-9B3B-57778EE91407}.Release|Any CPU.ActiveCfg = Release|Any CPU
		{90A418D2-C233-41EF-9B3B-57778EE91407}.Release|Any CPU.Build.0 = Release|Any CPU
		{90A418D2-C233-41EF-9B3B-57778EE91407}.Release|x64.ActiveCfg = Release|Any CPU
		{90A418D2-C233-41EF-9B3B-57778EE91407}.Release|x64.Build.0 = Release|Any CPU
		{90A418D2-C233-41EF-9B3B-57778EE91407}.Release|x86.ActiveCfg = Release|Any CPU
		{90A418D2-C233-41EF-9B3B-57778EE91407}.Release|x86.Build.0 = Release|Any CPU
		{A345F8D5-9152-446D-BE96-F540DDC527AC}.Debug|Any CPU.ActiveCfg = Debug|Any CPU
		{A345F8D5-9152-446D-BE96-F540DDC527AC}.Debug|Any CPU.Build.0 = Debug|Any CPU
		{A345F8D5-9152-446D-BE96-F540DDC527AC}.Debug|x64.ActiveCfg = Debug|Any CPU
		{A345F8D5-9152-446D-BE96-F540DDC527AC}.Debug|x64.Build.0 = Debug|Any CPU
		{A345F8D5-9152-446D-BE96-F540DDC527AC}.Debug|x86.ActiveCfg = Debug|Any CPU
		{A345F8D5-9152-446D-BE96-F540DDC527AC}.Debug|x86.Build.0 = Debug|Any CPU
		{A345F8D5-9152-446D-BE96-F540DDC527AC}.Release|Any CPU.ActiveCfg = Release|Any CPU
		{A345F8D5-9152-446D-BE96-F540DDC527AC}.Release|Any CPU.Build.0 = Release|Any CPU
		{A345F8D5-9152-446D-BE96-F540DDC527AC}.Release|x64.ActiveCfg = Release|Any CPU
		{A345F8D5-9152-446D-BE96-F540DDC527AC}.Release|x64.Build.0 = Release|Any CPU
		{A345F8D5-9152-446D-BE96-F540DDC527AC}.Release|x86.ActiveCfg = Release|Any CPU
		{A345F8D5-9152-446D-BE96-F540DDC527AC}.Release|x86.Build.0 = Release|Any CPU
		{12F7D24D-3DF0-4F37-B625-05CEA97D4CED}.Debug|Any CPU.ActiveCfg = Debug|Any CPU
		{12F7D24D-3DF0-4F37-B625-05CEA97D4CED}.Debug|Any CPU.Build.0 = Debug|Any CPU
		{12F7D24D-3DF0-4F37-B625-05CEA97D4CED}.Debug|x64.ActiveCfg = Debug|Any CPU
		{12F7D24D-3DF0-4F37-B625-05CEA97D4CED}.Debug|x64.Build.0 = Debug|Any CPU
		{12F7D24D-3DF0-4F37-B625-05CEA97D4CED}.Debug|x86.ActiveCfg = Debug|Any CPU
		{12F7D24D-3DF0-4F37-B625-05CEA97D4CED}.Debug|x86.Build.0 = Debug|Any CPU
		{12F7D24D-3DF0-4F37-B625-05CEA97D4CED}.Release|Any CPU.ActiveCfg = Release|Any CPU
		{12F7D24D-3DF0-4F37-B625-05CEA97D4CED}.Release|Any CPU.Build.0 = Release|Any CPU
		{12F7D24D-3DF0-4F37-B625-05CEA97D4CED}.Release|x64.ActiveCfg = Release|Any CPU
		{12F7D24D-3DF0-4F37-B625-05CEA97D4CED}.Release|x64.Build.0 = Release|Any CPU
		{12F7D24D-3DF0-4F37-B625-05CEA97D4CED}.Release|x86.ActiveCfg = Release|Any CPU
		{12F7D24D-3DF0-4F37-B625-05CEA97D4CED}.Release|x86.Build.0 = Release|Any CPU
		{91839E8D-5925-451D-9A13-54700B776789}.Debug|Any CPU.ActiveCfg = Debug|Any CPU
		{91839E8D-5925-451D-9A13-54700B776789}.Debug|Any CPU.Build.0 = Debug|Any CPU
		{91839E8D-5925-451D-9A13-54700B776789}.Debug|x64.ActiveCfg = Debug|Any CPU
		{91839E8D-5925-451D-9A13-54700B776789}.Debug|x64.Build.0 = Debug|Any CPU
		{91839E8D-5925-451D-9A13-54700B776789}.Debug|x86.ActiveCfg = Debug|Any CPU
		{91839E8D-5925-451D-9A13-54700B776789}.Debug|x86.Build.0 = Debug|Any CPU
		{91839E8D-5925-451D-9A13-54700B776789}.Release|Any CPU.ActiveCfg = Release|Any CPU
		{91839E8D-5925-451D-9A13-54700B776789}.Release|Any CPU.Build.0 = Release|Any CPU
		{91839E8D-5925-451D-9A13-54700B776789}.Release|x64.ActiveCfg = Release|Any CPU
		{91839E8D-5925-451D-9A13-54700B776789}.Release|x64.Build.0 = Release|Any CPU
		{91839E8D-5925-451D-9A13-54700B776789}.Release|x86.ActiveCfg = Release|Any CPU
		{91839E8D-5925-451D-9A13-54700B776789}.Release|x86.Build.0 = Release|Any CPU
		{C88FB98A-DE55-4C32-A529-09FE06BCE571}.Debug|Any CPU.ActiveCfg = Debug|Any CPU
		{C88FB98A-DE55-4C32-A529-09FE06BCE571}.Debug|Any CPU.Build.0 = Debug|Any CPU
		{C88FB98A-DE55-4C32-A529-09FE06BCE571}.Debug|x64.ActiveCfg = Debug|Any CPU
		{C88FB98A-DE55-4C32-A529-09FE06BCE571}.Debug|x64.Build.0 = Debug|Any CPU
		{C88FB98A-DE55-4C32-A529-09FE06BCE571}.Debug|x86.ActiveCfg = Debug|Any CPU
		{C88FB98A-DE55-4C32-A529-09FE06BCE571}.Debug|x86.Build.0 = Debug|Any CPU
		{C88FB98A-DE55-4C32-A529-09FE06BCE571}.Release|Any CPU.ActiveCfg = Release|Any CPU
		{C88FB98A-DE55-4C32-A529-09FE06BCE571}.Release|Any CPU.Build.0 = Release|Any CPU
		{C88FB98A-DE55-4C32-A529-09FE06BCE571}.Release|x64.ActiveCfg = Release|Any CPU
		{C88FB98A-DE55-4C32-A529-09FE06BCE571}.Release|x64.Build.0 = Release|Any CPU
		{C88FB98A-DE55-4C32-A529-09FE06BCE571}.Release|x86.ActiveCfg = Release|Any CPU
		{C88FB98A-DE55-4C32-A529-09FE06BCE571}.Release|x86.Build.0 = Release|Any CPU
		{53319910-8BB9-41E9-BF94-5F351354F6E5}.Debug|Any CPU.ActiveCfg = Debug|Any CPU
		{53319910-8BB9-41E9-BF94-5F351354F6E5}.Debug|Any CPU.Build.0 = Debug|Any CPU
		{53319910-8BB9-41E9-BF94-5F351354F6E5}.Debug|x64.ActiveCfg = Debug|Any CPU
		{53319910-8BB9-41E9-BF94-5F351354F6E5}.Debug|x64.Build.0 = Debug|Any CPU
		{53319910-8BB9-41E9-BF94-5F351354F6E5}.Debug|x86.ActiveCfg = Debug|Any CPU
		{53319910-8BB9-41E9-BF94-5F351354F6E5}.Debug|x86.Build.0 = Debug|Any CPU
		{53319910-8BB9-41E9-BF94-5F351354F6E5}.Release|Any CPU.ActiveCfg = Release|Any CPU
		{53319910-8BB9-41E9-BF94-5F351354F6E5}.Release|Any CPU.Build.0 = Release|Any CPU
		{53319910-8BB9-41E9-BF94-5F351354F6E5}.Release|x64.ActiveCfg = Release|Any CPU
		{53319910-8BB9-41E9-BF94-5F351354F6E5}.Release|x64.Build.0 = Release|Any CPU
		{53319910-8BB9-41E9-BF94-5F351354F6E5}.Release|x86.ActiveCfg = Release|Any CPU
		{53319910-8BB9-41E9-BF94-5F351354F6E5}.Release|x86.Build.0 = Release|Any CPU
		{2651ED4E-88DB-44EF-A265-15E405BEBBA8}.Debug|Any CPU.ActiveCfg = Debug|Any CPU
		{2651ED4E-88DB-44EF-A265-15E405BEBBA8}.Debug|Any CPU.Build.0 = Debug|Any CPU
		{2651ED4E-88DB-44EF-A265-15E405BEBBA8}.Debug|x64.ActiveCfg = Debug|Any CPU
		{2651ED4E-88DB-44EF-A265-15E405BEBBA8}.Debug|x64.Build.0 = Debug|Any CPU
		{2651ED4E-88DB-44EF-A265-15E405BEBBA8}.Debug|x86.ActiveCfg = Debug|Any CPU
		{2651ED4E-88DB-44EF-A265-15E405BEBBA8}.Debug|x86.Build.0 = Debug|Any CPU
		{2651ED4E-88DB-44EF-A265-15E405BEBBA8}.Release|Any CPU.ActiveCfg = Release|Any CPU
		{2651ED4E-88DB-44EF-A265-15E405BEBBA8}.Release|Any CPU.Build.0 = Release|Any CPU
		{2651ED4E-88DB-44EF-A265-15E405BEBBA8}.Release|x64.ActiveCfg = Release|Any CPU
		{2651ED4E-88DB-44EF-A265-15E405BEBBA8}.Release|x64.Build.0 = Release|Any CPU
		{2651ED4E-88DB-44EF-A265-15E405BEBBA8}.Release|x86.ActiveCfg = Release|Any CPU
		{2651ED4E-88DB-44EF-A265-15E405BEBBA8}.Release|x86.Build.0 = Release|Any CPU
		{D4DBC7D1-04E7-49D0-8AF5-C23563A38BD6}.Debug|Any CPU.ActiveCfg = Debug|Any CPU
		{D4DBC7D1-04E7-49D0-8AF5-C23563A38BD6}.Debug|Any CPU.Build.0 = Debug|Any CPU
		{D4DBC7D1-04E7-49D0-8AF5-C23563A38BD6}.Debug|x64.ActiveCfg = Debug|Any CPU
		{D4DBC7D1-04E7-49D0-8AF5-C23563A38BD6}.Debug|x64.Build.0 = Debug|Any CPU
		{D4DBC7D1-04E7-49D0-8AF5-C23563A38BD6}.Debug|x86.ActiveCfg = Debug|Any CPU
		{D4DBC7D1-04E7-49D0-8AF5-C23563A38BD6}.Debug|x86.Build.0 = Debug|Any CPU
		{D4DBC7D1-04E7-49D0-8AF5-C23563A38BD6}.Release|Any CPU.ActiveCfg = Release|Any CPU
		{D4DBC7D1-04E7-49D0-8AF5-C23563A38BD6}.Release|Any CPU.Build.0 = Release|Any CPU
		{D4DBC7D1-04E7-49D0-8AF5-C23563A38BD6}.Release|x64.ActiveCfg = Release|Any CPU
		{D4DBC7D1-04E7-49D0-8AF5-C23563A38BD6}.Release|x64.Build.0 = Release|Any CPU
		{D4DBC7D1-04E7-49D0-8AF5-C23563A38BD6}.Release|x86.ActiveCfg = Release|Any CPU
		{D4DBC7D1-04E7-49D0-8AF5-C23563A38BD6}.Release|x86.Build.0 = Release|Any CPU
	EndGlobalSection
	GlobalSection(SolutionProperties) = preSolution
		HideSolutionNode = FALSE
	EndGlobalSection
	GlobalSection(NestedProjects) = preSolution
		{90A418D2-C233-41EF-9B3B-57778EE91407} = {827E0CD3-B72D-47B6-A68D-7590B98EB39B}
		{A345F8D5-9152-446D-BE96-F540DDC527AC} = {0AB3BF05-4346-4AA6-1389-037BE0695223}
		{12F7D24D-3DF0-4F37-B625-05CEA97D4CED} = {827E0CD3-B72D-47B6-A68D-7590B98EB39B}
		{91839E8D-5925-451D-9A13-54700B776789} = {0AB3BF05-4346-4AA6-1389-037BE0695223}
		{C88FB98A-DE55-4C32-A529-09FE06BCE571} = {827E0CD3-B72D-47B6-A68D-7590B98EB39B}
		{53319910-8BB9-41E9-BF94-5F351354F6E5} = {0AB3BF05-4346-4AA6-1389-037BE0695223}
		{2651ED4E-88DB-44EF-A265-15E405BEBBA8} = {827E0CD3-B72D-47B6-A68D-7590B98EB39B}
		{D4DBC7D1-04E7-49D0-8AF5-C23563A38BD6} = {0AB3BF05-4346-4AA6-1389-037BE0695223}
	EndGlobalSection
EndGlobal
